// !$*UTF8*$!
{
	archiveVersion = 1;
	classes = {
	};
	objectVersion = 46;
	objects = {

/* Begin PBXBuildFile section */
		2855E8D81D58AC1700E38E3D /* AppDelegate.swift in Sources */ = {isa = PBXBuildFile; fileRef = 2855E8D71D58AC1700E38E3D /* AppDelegate.swift */; };
		2855E8DA1D58AC1700E38E3D /* ViewController.swift in Sources */ = {isa = PBXBuildFile; fileRef = 2855E8D91D58AC1700E38E3D /* ViewController.swift */; };
		2855E8DD1D58AC1700E38E3D /* Main.storyboard in Resources */ = {isa = PBXBuildFile; fileRef = 2855E8DB1D58AC1700E38E3D /* Main.storyboard */; };
		2855E8DF1D58AC1700E38E3D /* Assets.xcassets in Resources */ = {isa = PBXBuildFile; fileRef = 2855E8DE1D58AC1700E38E3D /* Assets.xcassets */; };
		2855E8E21D58AC1700E38E3D /* LaunchScreen.storyboard in Resources */ = {isa = PBXBuildFile; fileRef = 2855E8E01D58AC1700E38E3D /* LaunchScreen.storyboard */; };
		2855E8EE1D58BA1B00E38E3D /* Brad Cox.png in Resources */ = {isa = PBXBuildFile; fileRef = 2855E8EA1D58BA1B00E38E3D /* Brad Cox.png */; };
		2855E8EF1D58BA1B00E38E3D /* Dennis Ritchie.png in Resources */ = {isa = PBXBuildFile; fileRef = 2855E8EB1D58BA1B00E38E3D /* Dennis Ritchie.png */; };
		2855E8F01D58BA1B00E38E3D /* Matthijs.png in Resources */ = {isa = PBXBuildFile; fileRef = 2855E8EC1D58BA1B00E38E3D /* Matthijs.png */; };
		2855E8F11D58BA1B00E38E3D /* Ray.png in Resources */ = {isa = PBXBuildFile; fileRef = 2855E8ED1D58BA1B00E38E3D /* Ray.png */; };
/* End PBXBuildFile section */

/* Begin PBXFileReference section */
		2855E8D41D58AC1700E38E3D /* GalleryExample.app */ = {isa = PBXFileReference; explicitFileType = wrapper.application; includeInIndex = 0; path = GalleryExample.app; sourceTree = BUILT_PRODUCTS_DIR; };
		2855E8D71D58AC1700E38E3D /* AppDelegate.swift */ = {isa = PBXFileReference; lastKnownFileType = sourcecode.swift; path = AppDelegate.swift; sourceTree = "<group>"; };
		2855E8D91D58AC1700E38E3D /* ViewController.swift */ = {isa = PBXFileReference; lastKnownFileType = sourcecode.swift; path = ViewController.swift; sourceTree = "<group>"; };
		2855E8DC1D58AC1700E38E3D /* Base */ = {isa = PBXFileReference; lastKnownFileType = file.storyboard; name = Base; path = Base.lproj/Main.storyboard; sourceTree = "<group>"; };
		2855E8DE1D58AC1700E38E3D /* Assets.xcassets */ = {isa = PBXFileReference; lastKnownFileType = folder.assetcatalog; path = Assets.xcassets; sourceTree = "<group>"; };
		2855E8E11D58AC1700E38E3D /* Base */ = {isa = PBXFileReference; lastKnownFileType = file.storyboard; name = Base; path = Base.lproj/LaunchScreen.storyboard; sourceTree = "<group>"; };
		2855E8E31D58AC1700E38E3D /* Info.plist */ = {isa = PBXFileReference; lastKnownFileType = text.plist.xml; path = Info.plist; sourceTree = "<group>"; };
		2855E8EA1D58BA1B00E38E3D /* Brad Cox.png */ = {isa = PBXFileReference; lastKnownFileType = image.png; path = "Brad Cox.png"; sourceTree = "<group>"; };
		2855E8EB1D58BA1B00E38E3D /* Dennis Ritchie.png */ = {isa = PBXFileReference; lastKnownFileType = image.png; path = "Dennis Ritchie.png"; sourceTree = "<group>"; };
		2855E8EC1D58BA1B00E38E3D /* Matthijs.png */ = {isa = PBXFileReference; lastKnownFileType = image.png; path = Matthijs.png; sourceTree = "<group>"; };
		2855E8ED1D58BA1B00E38E3D /* Ray.png */ = {isa = PBXFileReference; lastKnownFileType = image.png; path = Ray.png; sourceTree = "<group>"; };
/* End PBXFileReference section */

/* Begin PBXFrameworksBuildPhase section */
		2855E8D11D58AC1700E38E3D /* Frameworks */ = {
			isa = PBXFrameworksBuildPhase;
			buildActionMask = 2147483647;
			files = (
			);
			runOnlyForDeploymentPostprocessing = 0;
		};
/* End PBXFrameworksBuildPhase section */

/* Begin PBXGroup section */
		2855E8CB1D58AC1700E38E3D = {
			isa = PBXGroup;
			children = (
				2855E8E91D58BA1B00E38E3D /* Images */,
				2855E8D61D58AC1700E38E3D /* GalleryExample */,
				2855E8D51D58AC1700E38E3D /* Products */,
			);
			sourceTree = "<group>";
		};
		2855E8D51D58AC1700E38E3D /* Products */ = {
			isa = PBXGroup;
			children = (
				2855E8D41D58AC1700E38E3D /* GalleryExample.app */,
			);
			name = Products;
			sourceTree = "<group>";
		};
		2855E8D61D58AC1700E38E3D /* GalleryExample */ = {
			isa = PBXGroup;
			children = (
				2855E8D71D58AC1700E38E3D /* AppDelegate.swift */,
				2855E8D91D58AC1700E38E3D /* ViewController.swift */,
				2855E8DB1D58AC1700E38E3D /* Main.storyboard */,
				2855E8DE1D58AC1700E38E3D /* Assets.xcassets */,
				2855E8E01D58AC1700E38E3D /* LaunchScreen.storyboard */,
				2855E8E31D58AC1700E38E3D /* Info.plist */,
			);
			path = GalleryExample;
			sourceTree = "<group>";
		};
		2855E8E91D58BA1B00E38E3D /* Images */ = {
			isa = PBXGroup;
			children = (
				2855E8EA1D58BA1B00E38E3D /* Brad Cox.png */,
				2855E8EB1D58BA1B00E38E3D /* Dennis Ritchie.png */,
				2855E8EC1D58BA1B00E38E3D /* Matthijs.png */,
				2855E8ED1D58BA1B00E38E3D /* Ray.png */,
			);
			path = Images;
			sourceTree = "<group>";
		};
/* End PBXGroup section */

/* Begin PBXNativeTarget section */
		2855E8D31D58AC1700E38E3D /* GalleryExample */ = {
			isa = PBXNativeTarget;
			buildConfigurationList = 2855E8E61D58AC1700E38E3D /* Build configuration list for PBXNativeTarget "GalleryExample" */;
			buildPhases = (
				2855E8D01D58AC1700E38E3D /* Sources */,
				2855E8D11D58AC1700E38E3D /* Frameworks */,
				2855E8D21D58AC1700E38E3D /* Resources */,
			);
			buildRules = (
			);
			dependencies = (
			);
			name = GalleryExample;
			productName = GalleryExample;
			productReference = 2855E8D41D58AC1700E38E3D /* GalleryExample.app */;
			productType = "com.apple.product-type.application";
		};
/* End PBXNativeTarget section */

/* Begin PBXProject section */
		2855E8CC1D58AC1700E38E3D /* Project object */ = {
			isa = PBXProject;
			attributes = {
				LastSwiftUpdateCheck = 0730;
				LastUpgradeCheck = 0730;
				ORGANIZATIONNAME = "Super Fun";
				TargetAttributes = {
					2855E8D31D58AC1700E38E3D = {
						CreatedOnToolsVersion = 7.3;
					};
				};
			};
			buildConfigurationList = 2855E8CF1D58AC1700E38E3D /* Build configuration list for PBXProject "GalleryExample" */;
			compatibilityVersion = "Xcode 3.2";
			developmentRegion = English;
			hasScannedForEncodings = 0;
			knownRegions = (
				en,
				Base,
			);
			mainGroup = 2855E8CB1D58AC1700E38E3D;
			productRefGroup = 2855E8D51D58AC1700E38E3D /* Products */;
			projectDirPath = "";
			projectRoot = "";
			targets = (
				2855E8D31D58AC1700E38E3D /* GalleryExample */,
			);
		};
/* End PBXProject section */

/* Begin PBXResourcesBuildPhase section */
		2855E8D21D58AC1700E38E3D /* Resources */ = {
			isa = PBXResourcesBuildPhase;
			buildActionMask = 2147483647;
			files = (
				2855E8E21D58AC1700E38E3D /* LaunchScreen.storyboard in Resources */,
				2855E8F01D58BA1B00E38E3D /* Matthijs.png in Resources */,
				2855E8DF1D58AC1700E38E3D /* Assets.xcassets in Resources */,
				2855E8EE1D58BA1B00E38E3D /* Brad Cox.png in Resources */,
				2855E8DD1D58AC1700E38E3D /* Main.storyboard in Resources */,
				2855E8F11D58BA1B00E38E3D /* Ray.png in Resources */,
				2855E8EF1D58BA1B00E38E3D /* Dennis Ritchie.png in Resources */,
			);
			runOnlyForDeploymentPostprocessing = 0;
		};
/* End PBXResourcesBuildPhase section */

/* Begin PBXSourcesBuildPhase section */
		2855E8D01D58AC1700E38E3D /* Sources */ = {
			isa = PBXSourcesBuildPhase;
			buildActionMask = 2147483647;
			files = (
				2855E8DA1D58AC1700E38E3D /* ViewController.swift in Sources */,
				2855E8D81D58AC1700E38E3D /* AppDelegate.swift in Sources */,
			);
			runOnlyForDeploymentPostprocessing = 0;
		};
/* End PBXSourcesBuildPhase section */

/* Begin PBXVariantGroup section */
		2855E8DB1D58AC1700E38E3D /* Main.storyboard */ = {
			isa = PBXVariantGroup;
			children = (
				2855E8DC1D58AC1700E38E3D /* Base */,
			);
			name = Main.storyboard;
			sourceTree = "<group>";
		};
		2855E8E01D58AC1700E38E3D /* LaunchScreen.storyboard */ = {
			isa = PBXVariantGroup;
			children = (
				2855E8E11D58AC1700E38E3D /* Base */,
			);
			name = LaunchScreen.storyboard;
			sourceTree = "<group>";
		};
/* End PBXVariantGroup section */

/* Begin XCBuildConfiguration section */
		2855E8E41D58AC1700E38E3D /* Debug */ = {
			isa = XCBuildConfiguration;
			buildSettings = {
				ALWAYS_SEARCH_USER_PATHS = NO;
				CLANG_ANALYZER_NONNULL = YES;
				CLANG_CXX_LANGUAGE_STANDARD = "gnu++0x";
				CLANG_CXX_LIBRARY = "libc++";
				CLANG_ENABLE_MODULES = YES;
				CLANG_ENABLE_OBJC_ARC = YES;
				CLANG_WARN_BOOL_CONVERSION = YES;
				CLANG_WARN_CONSTANT_CONVERSION = YES;
				CLANG_WARN_DIRECT_OBJC_ISA_USAGE = YES_ERROR;
				CLANG_WARN_EMPTY_BODY = YES;
				CLANG_WARN_ENUM_CONVERSION = YES;
				CLANG_WARN_INT_CONVERSION = YES;
				CLANG_WARN_OBJC_ROOT_CLASS = YES_ERROR;
				CLANG_WARN_UNREACHABLE_CODE = YES;
				CLANG_WARN__DUPLICATE_METHOD_MATCH = YES;
				"CODE_SIGN_IDENTITY[sdk=iphoneos*]" = "iPhone Developer";
				COPY_PHASE_STRIP = NO;
				DEBUG_INFORMATION_FORMAT = dwarf;
				ENABLE_STRICT_OBJC_MSGSEND = YES;
				ENABLE_TESTABILITY = YES;
				GCC_C_LANGUAGE_STANDARD = gnu99;
				GCC_DYNAMIC_NO_PIC = NO;
				GCC_NO_COMMON_BLOCKS = YES;
				GCC_OPTIMIZATION_LEVEL = 0;
				GCC_PREPROCESSOR_DEFINITIONS = (
					"DEBUG=1",
					"$(inherited)",
				);
				GCC_WARN_64_TO_32_BIT_CONVERSION = YES;
				GCC_WARN_ABOUT_RETURN_TYPE = YES_ERROR;
				GCC_WARN_UNDECLARED_SELECTOR = YES;
				GCC_WARN_UNINITIALIZED_AUTOS = YES_AGGRESSIVE;
				GCC_WARN_UNUSED_FUNCTION = YES;
				GCC_WARN_UNUSED_VARIABLE = YES;
				IPHONEOS_DEPLOYMENT_TARGET = 9.3;
				MTL_ENABLE_DEBUG_INFO = YES;
				ONLY_ACTIVE_ARCH = YES;
				SDKROOT = iphoneos;
				SWIFT_OPTIMIZATION_LEVEL = "-Onone";
			};
			name = Debug;
		};
		2855E8E51D58AC1700E38E3D /* Release */ = {
			isa = XCBuildConfiguration;
			buildSettings = {
				ALWAYS_SEARCH_USER_PATHS = NO;
				CLANG_ANALYZER_NONNULL = YES;
				CLANG_CXX_LANGUAGE_STANDARD = "gnu++0x";
				CLANG_CXX_LIBRARY = "libc++";
				CLANG_ENABLE_MODULES = YES;
				CLANG_ENABLE_OBJC_ARC = YES;
				CLANG_WARN_BOOL_CONVERSION = YES;
				CLANG_WARN_CONSTANT_CONVERSION = YES;
				CLANG_WARN_DIRECT_OBJC_ISA_USAGE = YES_ERROR;
				CLANG_WARN_EMPTY_BODY = YES;
				CLANG_WARN_ENUM_CONVERSION = YES;
				CLANG_WARN_INT_CONVERSION = YES;
				CLANG_WARN_OBJC_ROOT_CLASS = YES_ERROR;
				CLANG_WARN_UNREACHABLE_CODE = YES;
				CLANG_WARN__DUPLICATE_METHOD_MATCH = YES;
				"CODE_SIGN_IDENTITY[sdk=iphoneos*]" = "iPhone Developer";
				COPY_PHASE_STRIP = NO;
				DEBUG_INFORMATION_FORMAT = "dwarf-with-dsym";
				ENABLE_NS_ASSERTIONS = NO;
				ENABLE_STRICT_OBJC_MSGSEND = YES;
				GCC_C_LANGUAGE_STANDARD = gnu99;
				GCC_NO_COMMON_BLOCKS = YES;
				GCC_WARN_64_TO_32_BIT_CONVERSION = YES;
				GCC_WARN_ABOUT_RETURN_TYPE = YES_ERROR;
				GCC_WARN_UNDECLARED_SELECTOR = YES;
				GCC_WARN_UNINITIALIZED_AUTOS = YES_AGGRESSIVE;
				GCC_WARN_UNUSED_FUNCTION = YES;
				GCC_WARN_UNUSED_VARIABLE = YES;
				IPHONEOS_DEPLOYMENT_TARGET = 9.3;
				MTL_ENABLE_DEBUG_INFO = NO;
				SDKROOT = iphoneos;
				VALIDATE_PRODUCT = YES;
			};
			name = Release;
		};
		2855E8E71D58AC1700E38E3D /* Debug */ = {
			isa = XCBuildConfiguration;
			buildSettings = {
				ASSETCATALOG_COMPILER_APPICON_NAME = AppIcon;
				INFOPLIST_FILE = GalleryExample/Info.plist;
				LD_RUNPATH_SEARCH_PATHS = "$(inherited) @executable_path/Frameworks";
				PRODUCT_BUNDLE_IDENTIFIER = com.superfun.GalleryExample;
				PRODUCT_NAME = "$(TARGET_NAME)";
			};
			name = Debug;
		};
		2855E8E81D58AC1700E38E3D /* Release */ = {
			isa = XCBuildConfiguration;
			buildSettings = {
				ASSETCATALOG_COMPILER_APPICON_NAME = AppIcon;
				INFOPLIST_FILE = GalleryExample/Info.plist;
				LD_RUNPATH_SEARCH_PATHS = "$(inherited) @executable_path/Frameworks";
				PRODUCT_BUNDLE_IDENTIFIER = com.superfun.GalleryExample;
				PRODUCT_NAME = "$(TARGET_NAME)";
			};
			name = Release;
		};
/* End XCBuildConfiguration section */

/* Begin XCConfigurationList section */
		2855E8CF1D58AC1700E38E3D /* Build configuration list for PBXProject "GalleryExample" */ = {
			isa = XCConfigurationList;
			buildConfigurations = (
				2855E8E41D58AC1700E38E3D /* Debug */,
				2855E8E51D58AC1700E38E3D /* Release */,
			);
			defaultConfigurationIsVisible = 0;
			defaultConfigurationName = Release;
		};
		2855E8E61D58AC1700E38E3D /* Build configuration list for PBXNativeTarget "GalleryExample" */ = {
			isa = XCConfigurationList;
			buildConfigurations = (
				2855E8E71D58AC1700E38E3D /* Debug */,
				2855E8E81D58AC1700E38E3D /* Release */,
			);
			defaultConfigurationIsVisible = 0;
		};
/* End XCConfigurationList section */
	};
	rootObject = 2855E8CC1D58AC1700E38E3D /* Project object */;
}
